
Microsoft Visual Studio Solution File, Format Version 12.00
# Visual Studio Version 17
VisualStudioVersion = 17.10.35004.147
MinimumVisualStudioVersion = 10.0.40219.1
Project("{9A19103F-16F7-4668-BE54-9A1E7A4F7556}") = "OT.Assessment.Consumer", "src\OT.Assessment.Consumer\OT.Assessment.Consumer.csproj", "{FEB40B93-D586-4600-AAC9-DD0960D0083D}"
EndProject
Project("{9A19103F-16F7-4668-BE54-9A1E7A4F7556}") = "OT.Assessment.App", "src\OT.Assessment.App\OT.Assessment.App.csproj", "{9C47B574-9401-48DD-AB40-48F0C9BA699A}"
EndProject
Project("{9A19103F-16F7-4668-BE54-9A1E7A4F7556}") = "OT.Assessment.Tester", "test\OT.Assessment.Tester\OT.Assessment.Tester.csproj", "{BF0CDF90-B607-4710-9F26-67E23498C865}"
EndProject
Project("{2150E333-8FDC-42A3-9474-1A3956D46DE8}") = "Solution Items", "Solution Items", "{7EFE3E75-8316-420D-AFA3-ECE90ECF22BB}"
	ProjectSection(SolutionItems) = preProject
		DatabaseGenerate.sql = DatabaseGenerate.sql
		README.md = README.md
	EndProjectSection
EndProject
Project("{2150E333-8FDC-42A3-9474-1A3956D46DE8}") = "src", "src", "{6FA7DAF4-446B-4610-9EDF-6E418255B176}"
EndProject
Project("{2150E333-8FDC-42A3-9474-1A3956D46DE8}") = "tester", "tester", "{B4795B8C-CE52-404F-AA64-6D8AA8734A96}"
EndProject
Project("{FAE04EC0-301F-11D3-BF4B-00C04F79EFBC}") = "OT.Assessment.Database", "src\OT.Assessment.Database\OT.Assessment.Database.csproj", "{FDBD2B02-C222-44C2-B411-C87E80698C00}"
EndProject
Project("{FAE04EC0-301F-11D3-BF4B-00C04F79EFBC}") = "OT.Assessment.Model", "src\OT.Assessment.Model\OT.Assessment.Model.csproj", "{23B88D77-3B34-48C2-9F53-C8CC44E9E599}"
EndProject
Project("{FAE04EC0-301F-11D3-BF4B-00C04F79EFBC}") = "OT.Assessment.Cache", "src\OT.Assessment.Cache\OT.Assessment.Cache.csproj", "{0F5C9A9D-FF01-4461-8D5E-D175F60A806C}"
EndProject
Project("{FAE04EC0-301F-11D3-BF4B-00C04F79EFBC}") = "OT.Assessment.Messaging", "src\OT.Assessment.Messaging\OT.Assessment.Messaging.csproj", "{E0F48A66-9F93-485D-A109-1E5EF14E4C63}"
EndProject
Project("{FAE04EC0-301F-11D3-BF4B-00C04F79EFBC}") = "OT.Assessment.Common", "src\OT.Assessment.Common\OT.Assessment.Common.csproj", "{C10A0D80-9D0C-4AB9-9C85-D567BB704F3E}"
EndProject
Project("{FAE04EC0-301F-11D3-BF4B-00C04F79EFBC}") = "OT.Assessment.Domain", "src\OT.Assessment.Domain\OT.Assessment.Domain.csproj", "{1EE9EF99-A5DB-4E5E-85BE-C4605C483A1B}"
EndProject
Project("{FAE04EC0-301F-11D3-BF4B-00C04F79EFBC}") = "OT.Assessment.Manager", "src\OT.Assessment.Manager\OT.Assessment.Manager.csproj", "{FCA38521-FEE2-42BF-8A4A-9A5D93005072}"
EndProject
Project("{FAE04EC0-301F-11D3-BF4B-00C04F79EFBC}") = "OT.Assessment.JWT", "src\OT.Assessment.JWT\OT.Assessment.JWT.csproj", "{8FC321AC-61E0-484A-9C2D-10BB546F9300}"
EndProject
Global
	GlobalSection(SolutionConfigurationPlatforms) = preSolution
		Debug|Any CPU = Debug|Any CPU
		Release|Any CPU = Release|Any CPU
	EndGlobalSection
	GlobalSection(ProjectConfigurationPlatforms) = postSolution
		{FEB40B93-D586-4600-AAC9-DD0960D0083D}.Debug|Any CPU.ActiveCfg = Debug|Any CPU
		{FEB40B93-D586-4600-AAC9-DD0960D0083D}.Debug|Any CPU.Build.0 = Debug|Any CPU
		{FEB40B93-D586-4600-AAC9-DD0960D0083D}.Release|Any CPU.ActiveCfg = Release|Any CPU
		{FEB40B93-D586-4600-AAC9-DD0960D0083D}.Release|Any CPU.Build.0 = Release|Any CPU
		{9C47B574-9401-48DD-AB40-48F0C9BA699A}.Debug|Any CPU.ActiveCfg = Debug|Any CPU
		{9C47B574-9401-48DD-AB40-48F0C9BA699A}.Debug|Any CPU.Build.0 = Debug|Any CPU
		{9C47B574-9401-48DD-AB40-48F0C9BA699A}.Release|Any CPU.ActiveCfg = Release|Any CPU
		{9C47B574-9401-48DD-AB40-48F0C9BA699A}.Release|Any CPU.Build.0 = Release|Any CPU
		{BF0CDF90-B607-4710-9F26-67E23498C865}.Debug|Any CPU.ActiveCfg = Debug|Any CPU
		{BF0CDF90-B607-4710-9F26-67E23498C865}.Debug|Any CPU.Build.0 = Debug|Any CPU
		{BF0CDF90-B607-4710-9F26-67E23498C865}.Release|Any CPU.ActiveCfg = Release|Any CPU
		{BF0CDF90-B607-4710-9F26-67E23498C865}.Release|Any CPU.Build.0 = Release|Any CPU
		{FDBD2B02-C222-44C2-B411-C87E80698C00}.Debug|Any CPU.ActiveCfg = Debug|Any CPU
		{FDBD2B02-C222-44C2-B411-C87E80698C00}.Debug|Any CPU.Build.0 = Debug|Any CPU
		{FDBD2B02-C222-44C2-B411-C87E80698C00}.Release|Any CPU.ActiveCfg = Release|Any CPU
		{FDBD2B02-C222-44C2-B411-C87E80698C00}.Release|Any CPU.Build.0 = Release|Any CPU
		{23B88D77-3B34-48C2-9F53-C8CC44E9E599}.Debug|Any CPU.ActiveCfg = Debug|Any CPU
		{23B88D77-3B34-48C2-9F53-C8CC44E9E599}.Debug|Any CPU.Build.0 = Debug|Any CPU
		{23B88D77-3B34-48C2-9F53-C8CC44E9E599}.Release|Any CPU.ActiveCfg = Release|Any CPU
		{23B88D77-3B34-48C2-9F53-C8CC44E9E599}.Release|Any CPU.Build.0 = Release|Any CPU
		{0F5C9A9D-FF01-4461-8D5E-D175F60A806C}.Debug|Any CPU.ActiveCfg = Debug|Any CPU
		{0F5C9A9D-FF01-4461-8D5E-D175F60A806C}.Debug|Any CPU.Build.0 = Debug|Any CPU
		{0F5C9A9D-FF01-4461-8D5E-D175F60A806C}.Release|Any CPU.ActiveCfg = Release|Any CPU
		{0F5C9A9D-FF01-4461-8D5E-D175F60A806C}.Release|Any CPU.Build.0 = Release|Any CPU
		{E0F48A66-9F93-485D-A109-1E5EF14E4C63}.Debug|Any CPU.ActiveCfg = Debug|Any CPU
		{E0F48A66-9F93-485D-A109-1E5EF14E4C63}.Debug|Any CPU.Build.0 = Debug|Any CPU
		{E0F48A66-9F93-485D-A109-1E5EF14E4C63}.Release|Any CPU.ActiveCfg = Release|Any CPU
		{E0F48A66-9F93-485D-A109-1E5EF14E4C63}.Release|Any CPU.Build.0 = Release|Any CPU
		{C10A0D80-9D0C-4AB9-9C85-D567BB704F3E}.Debug|Any CPU.ActiveCfg = Debug|Any CPU
		{C10A0D80-9D0C-4AB9-9C85-D567BB704F3E}.Debug|Any CPU.Build.0 = Debug|Any CPU
		{C10A0D80-9D0C-4AB9-9C85-D567BB704F3E}.Release|Any CPU.ActiveCfg = Release|Any CPU
		{C10A0D80-9D0C-4AB9-9C85-D567BB704F3E}.Release|Any CPU.Build.0 = Release|Any CPU
		{1EE9EF99-A5DB-4E5E-85BE-C4605C483A1B}.Debug|Any CPU.ActiveCfg = Debug|Any CPU
		{1EE9EF99-A5DB-4E5E-85BE-C4605C483A1B}.Debug|Any CPU.Build.0 = Debug|Any CPU
		{1EE9EF99-A5DB-4E5E-85BE-C4605C483A1B}.Release|Any CPU.ActiveCfg = Release|Any CPU
		{1EE9EF99-A5DB-4E5E-85BE-C4605C483A1B}.Release|Any CPU.Build.0 = Release|Any CPU
		{FCA38521-FEE2-42BF-8A4A-9A5D93005072}.Debug|Any CPU.ActiveCfg = Debug|Any CPU
		{FCA38521-FEE2-42BF-8A4A-9A5D93005072}.Debug|Any CPU.Build.0 = Debug|Any CPU
		{FCA38521-FEE2-42BF-8A4A-9A5D93005072}.Release|Any CPU.ActiveCfg = Release|Any CPU
		{FCA38521-FEE2-42BF-8A4A-9A5D93005072}.Release|Any CPU.Build.0 = Release|Any CPU
		{8FC321AC-61E0-484A-9C2D-10BB546F9300}.Debug|Any CPU.ActiveCfg = Debug|Any CPU
		{8FC321AC-61E0-484A-9C2D-10BB546F9300}.Debug|Any CPU.Build.0 = Debug|Any CPU
		{8FC321AC-61E0-484A-9C2D-10BB546F9300}.Release|Any CPU.ActiveCfg = Release|Any CPU
		{8FC321AC-61E0-484A-9C2D-10BB546F9300}.Release|Any CPU.Build.0 = Release|Any CPU
	EndGlobalSection
	GlobalSection(SolutionProperties) = preSolution
		HideSolutionNode = FALSE
	EndGlobalSection
	GlobalSection(NestedProjects) = preSolution
		{FEB40B93-D586-4600-AAC9-DD0960D0083D} = {6FA7DAF4-446B-4610-9EDF-6E418255B176}
		{9C47B574-9401-48DD-AB40-48F0C9BA699A} = {6FA7DAF4-446B-4610-9EDF-6E418255B176}
		{BF0CDF90-B607-4710-9F26-67E23498C865} = {B4795B8C-CE52-404F-AA64-6D8AA8734A96}
		{FDBD2B02-C222-44C2-B411-C87E80698C00} = {6FA7DAF4-446B-4610-9EDF-6E418255B176}
		{23B88D77-3B34-48C2-9F53-C8CC44E9E599} = {6FA7DAF4-446B-4610-9EDF-6E418255B176}
		{0F5C9A9D-FF01-4461-8D5E-D175F60A806C} = {6FA7DAF4-446B-4610-9EDF-6E418255B176}
		{E0F48A66-9F93-485D-A109-1E5EF14E4C63} = {6FA7DAF4-446B-4610-9EDF-6E418255B176}
		{C10A0D80-9D0C-4AB9-9C85-D567BB704F3E} = {6FA7DAF4-446B-4610-9EDF-6E418255B176}
		{1EE9EF99-A5DB-4E5E-85BE-C4605C483A1B} = {6FA7DAF4-446B-4610-9EDF-6E418255B176}
		{FCA38521-FEE2-42BF-8A4A-9A5D93005072} = {6FA7DAF4-446B-4610-9EDF-6E418255B176}
		{8FC321AC-61E0-484A-9C2D-10BB546F9300} = {6FA7DAF4-446B-4610-9EDF-6E418255B176}
	EndGlobalSection
	GlobalSection(ExtensibilityGlobals) = postSolution
		SolutionGuid = {C56C9633-4971-45FE-9CB3-E2F07E649A77}
	EndGlobalSection
EndGlobal
